
Microsoft Visual Studio Solution File, Format Version 12.00
# Visual Studio Version 17
VisualStudioVersion = 17.0.31903.59
MinimumVisualStudioVersion = 10.0.40219.1
Project("{FAE04EC0-301F-11D3-BF4B-00C04F79EFBC}") = "Dominio", "Dominio\Dominio.csproj", "{4A71EEF7-5E1B-4711-AA2D-4D8D6EF3BE99}"
EndProject
Project("{FAE04EC0-301F-11D3-BF4B-00C04F79EFBC}") = "Persistencia", "Persistencia\Persistencia.csproj", "{70E3BB23-1FE0-4590-811F-E76FB3D45716}"
EndProject
Project("{FAE04EC0-301F-11D3-BF4B-00C04F79EFBC}") = "Aplicacion", "Aplicacion\Aplicacion.csproj", "{131F3B22-2B27-4949-8067-0F0687C31E1E}"
EndProject
Project("{FAE04EC0-301F-11D3-BF4B-00C04F79EFBC}") = "Api", "Api\Api.csproj", "{439F9772-1FCB-4EB2-A1B4-D4DA88F71914}"
EndProject
Global
	GlobalSection(SolutionConfigurationPlatforms) = preSolution
		Debug|Any CPU = Debug|Any CPU
		Release|Any CPU = Release|Any CPU
	EndGlobalSection
	GlobalSection(SolutionProperties) = preSolution
		HideSolutionNode = FALSE
	EndGlobalSection
	GlobalSection(ProjectConfigurationPlatforms) = postSolution
		{4A71EEF7-5E1B-4711-AA2D-4D8D6EF3BE99}.Debug|Any CPU.ActiveCfg = Debug|Any CPU
		{4A71EEF7-5E1B-4711-AA2D-4D8D6EF3BE99}.Debug|Any CPU.Build.0 = Debug|Any CPU
		{4A71EEF7-5E1B-4711-AA2D-4D8D6EF3BE99}.Release|Any CPU.ActiveCfg = Release|Any CPU
		{4A71EEF7-5E1B-4711-AA2D-4D8D6EF3BE99}.Release|Any CPU.Build.0 = Release|Any CPU
		{70E3BB23-1FE0-4590-811F-E76FB3D45716}.Debug|Any CPU.ActiveCfg = Debug|Any CPU
		{70E3BB23-1FE0-4590-811F-E76FB3D45716}.Debug|Any CPU.Build.0 = Debug|Any CPU
		{70E3BB23-1FE0-4590-811F-E76FB3D45716}.Release|Any CPU.ActiveCfg = Release|Any CPU
		{70E3BB23-1FE0-4590-811F-E76FB3D45716}.Release|Any CPU.Build.0 = Release|Any CPU
		{131F3B22-2B27-4949-8067-0F0687C31E1E}.Debug|Any CPU.ActiveCfg = Debug|Any CPU
		{131F3B22-2B27-4949-8067-0F0687C31E1E}.Debug|Any CPU.Build.0 = Debug|Any CPU
		{131F3B22-2B27-4949-8067-0F0687C31E1E}.Release|Any CPU.ActiveCfg = Release|Any CPU
		{131F3B22-2B27-4949-8067-0F0687C31E1E}.Release|Any CPU.Build.0 = Release|Any CPU
		{439F9772-1FCB-4EB2-A1B4-D4DA88F71914}.Debug|Any CPU.ActiveCfg = Debug|Any CPU
		{439F9772-1FCB-4EB2-A1B4-D4DA88F71914}.Debug|Any CPU.Build.0 = Debug|Any CPU
		{439F9772-1FCB-4EB2-A1B4-D4DA88F71914}.Release|Any CPU.ActiveCfg = Release|Any CPU
		{439F9772-1FCB-4EB2-A1B4-D4DA88F71914}.Release|Any CPU.Build.0 = Release|Any CPU
	EndGlobalSection
EndGlobal
